
Microsoft Visual Studio Solution File, Format Version 12.00
# Visual Studio Version 17
VisualStudioVersion = 17.9.34622.214
MinimumVisualStudioVersion = 10.0.40219.1
Project("{2150E333-8FDC-42A3-9474-1A3956D46DE8}") = "src", "src", "{7B5D19A0-3598-45D6-B7EB-0556C92A7399}"
EndProject
Project("{2150E333-8FDC-42A3-9474-1A3956D46DE8}") = "tests", "tests", "{6D57C17E-450C-4A34-99A5-F76A4B7D72EE}"
EndProject
Project("{FAE04EC0-301F-11D3-BF4B-00C04F79EFBC}") = "CleanArchitecture.Domain", "src\CleanArchitecture.Domain\CleanArchitecture.Domain.csproj", "{6AD5D922-6594-45EA-96D4-4C6E42CEA9C8}"
EndProject
Project("{FAE04EC0-301F-11D3-BF4B-00C04F79EFBC}") = "CleanArchitecture.Application", "src\CleanArchitecture.Application\CleanArchitecture.Application.csproj", "{0ED5FD7C-27D8-4606-B971-7FA3BFAEAFFB}"
EndProject
Project("{FAE04EC0-301F-11D3-BF4B-00C04F79EFBC}") = "CleanArchitecture.WebAPI", "src\CleanArchitecture.WebAPI\CleanArchitecture.WebAPI.csproj", "{4F00E6D0-0696-466E-AECC-FEBF03A6B8F1}"
EndProject
Project("{FAE04EC0-301F-11D3-BF4B-00C04F79EFBC}") = "CleanArchitecture.Infrastructure", "src\CleanArchitecture.Infrastructure\CleanArchitecture.Infrastructure.csproj", "{56760BC7-D059-4B0E-9862-D3C8300C31B5}"
EndProject
Global
	GlobalSection(SolutionConfigurationPlatforms) = preSolution
		Debug|Any CPU = Debug|Any CPU
		Release|Any CPU = Release|Any CPU
	EndGlobalSection
	GlobalSection(ProjectConfigurationPlatforms) = postSolution
		{6AD5D922-6594-45EA-96D4-4C6E42CEA9C8}.Debug|Any CPU.ActiveCfg = Debug|Any CPU
		{6AD5D922-6594-45EA-96D4-4C6E42CEA9C8}.Debug|Any CPU.Build.0 = Debug|Any CPU
		{6AD5D922-6594-45EA-96D4-4C6E42CEA9C8}.Release|Any CPU.ActiveCfg = Release|Any CPU
		{6AD5D922-6594-45EA-96D4-4C6E42CEA9C8}.Release|Any CPU.Build.0 = Release|Any CPU
		{0ED5FD7C-27D8-4606-B971-7FA3BFAEAFFB}.Debug|Any CPU.ActiveCfg = Debug|Any CPU
		{0ED5FD7C-27D8-4606-B971-7FA3BFAEAFFB}.Debug|Any CPU.Build.0 = Debug|Any CPU
		{0ED5FD7C-27D8-4606-B971-7FA3BFAEAFFB}.Release|Any CPU.ActiveCfg = Release|Any CPU
		{0ED5FD7C-27D8-4606-B971-7FA3BFAEAFFB}.Release|Any CPU.Build.0 = Release|Any CPU
		{4F00E6D0-0696-466E-AECC-FEBF03A6B8F1}.Debug|Any CPU.ActiveCfg = Debug|Any CPU
		{4F00E6D0-0696-466E-AECC-FEBF03A6B8F1}.Debug|Any CPU.Build.0 = Debug|Any CPU
		{4F00E6D0-0696-466E-AECC-FEBF03A6B8F1}.Release|Any CPU.ActiveCfg = Release|Any CPU
		{4F00E6D0-0696-466E-AECC-FEBF03A6B8F1}.Release|Any CPU.Build.0 = Release|Any CPU
		{56760BC7-D059-4B0E-9862-D3C8300C31B5}.Debug|Any CPU.ActiveCfg = Debug|Any CPU
		{56760BC7-D059-4B0E-9862-D3C8300C31B5}.Debug|Any CPU.Build.0 = Debug|Any CPU
		{56760BC7-D059-4B0E-9862-D3C8300C31B5}.Release|Any CPU.ActiveCfg = Release|Any CPU
		{56760BC7-D059-4B0E-9862-D3C8300C31B5}.Release|Any CPU.Build.0 = Release|Any CPU
	EndGlobalSection
	GlobalSection(SolutionProperties) = preSolution
		HideSolutionNode = FALSE
	EndGlobalSection
	GlobalSection(NestedProjects) = preSolution
		{6AD5D922-6594-45EA-96D4-4C6E42CEA9C8} = {7B5D19A0-3598-45D6-B7EB-0556C92A7399}
		{0ED5FD7C-27D8-4606-B971-7FA3BFAEAFFB} = {7B5D19A0-3598-45D6-B7EB-0556C92A7399}
		{4F00E6D0-0696-466E-AECC-FEBF03A6B8F1} = {7B5D19A0-3598-45D6-B7EB-0556C92A7399}
		{56760BC7-D059-4B0E-9862-D3C8300C31B5} = {7B5D19A0-3598-45D6-B7EB-0556C92A7399}
	EndGlobalSection
	GlobalSection(ExtensibilityGlobals) = postSolution
		SolutionGuid = {0FB94636-4B03-406F-B944-84D171C53E56}
	EndGlobalSection
EndGlobal
